// !$*UTF8*$!
{
	archiveVersion = 1;
	classes = {
	};
	objectVersion = 46;
	objects = {

/* Begin PBXBuildFile section */
		A6D3D82A1A35DD2300F7AED9 /* main.m in Sources */ = {isa = PBXBuildFile; fileRef = A6D3D8291A35DD2300F7AED9 /* main.m */; };
		A6D3D82D1A35DD2300F7AED9 /* AppDelegate.m in Sources */ = {isa = PBXBuildFile; fileRef = A6D3D82C1A35DD2300F7AED9 /* AppDelegate.m */; };
		A6D3D8301A35DD2300F7AED9 /* JMHViewController.m in Sources */ = {isa = PBXBuildFile; fileRef = A6D3D82F1A35DD2300F7AED9 /* JMHViewController.m */; };
		A6D3D8331A35DD2300F7AED9 /* Main.storyboard in Resources */ = {isa = PBXBuildFile; fileRef = A6D3D8311A35DD2300F7AED9 /* Main.storyboard */; };
		A6D3D8351A35DD2300F7AED9 /* Images.xcassets in Resources */ = {isa = PBXBuildFile; fileRef = A6D3D8341A35DD2300F7AED9 /* Images.xcassets */; };
		A6D3D8381A35DD2300F7AED9 /* LaunchScreen.xib in Resources */ = {isa = PBXBuildFile; fileRef = A6D3D8361A35DD2300F7AED9 /* LaunchScreen.xib */; };
		A6D3D8441A35DD2300F7AED9 /* JMHArcProjectForConvertingTests.m in Sources */ = {isa = PBXBuildFile; fileRef = A6D3D8431A35DD2300F7AED9 /* JMHArcProjectForConvertingTests.m */; };
/* End PBXBuildFile section */

/* Begin PBXContainerItemProxy section */
		A6D3D83E1A35DD2300F7AED9 /* PBXContainerItemProxy */ = {
			isa = PBXContainerItemProxy;
			containerPortal = A6D3D81C1A35DD2300F7AED9 /* Project object */;
			proxyType = 1;
			remoteGlobalIDString = A6D3D8231A35DD2300F7AED9;
			remoteInfo = JMHArcProjectForConverting;
		};
/* End PBXContainerItemProxy section */

/* Begin PBXFileReference section */
		A6D3D8241A35DD2300F7AED9 /* JMHArcProjectForConverting.app */ = {isa = PBXFileReference; explicitFileType = wrapper.application; includeInIndex = 0; path = JMHArcProjectForConverting.app; sourceTree = BUILT_PRODUCTS_DIR; };
		A6D3D8281A35DD2300F7AED9 /* Info.plist */ = {isa = PBXFileReference; lastKnownFileType = text.plist.xml; path = Info.plist; sourceTree = "<group>"; };
		A6D3D8291A35DD2300F7AED9 /* main.m */ = {isa = PBXFileReference; lastKnownFileType = sourcecode.c.objc; path = main.m; sourceTree = "<group>"; };
		A6D3D82B1A35DD2300F7AED9 /* AppDelegate.h */ = {isa = PBXFileReference; lastKnownFileType = sourcecode.c.h; path = AppDelegate.h; sourceTree = "<group>"; };
		A6D3D82C1A35DD2300F7AED9 /* AppDelegate.m */ = {isa = PBXFileReference; lastKnownFileType = sourcecode.c.objc; path = AppDelegate.m; sourceTree = "<group>"; };
		A6D3D82E1A35DD2300F7AED9 /* JMHViewController.h */ = {isa = PBXFileReference; lastKnownFileType = sourcecode.c.h; path = JMHViewController.h; sourceTree = "<group>"; };
		A6D3D82F1A35DD2300F7AED9 /* JMHViewController.m */ = {isa = PBXFileReference; lastKnownFileType = sourcecode.c.objc; path = JMHViewController.m; sourceTree = "<group>"; };
		A6D3D8321A35DD2300F7AED9 /* Base */ = {isa = PBXFileReference; lastKnownFileType = file.storyboard; name = Base; path = Base.lproj/Main.storyboard; sourceTree = "<group>"; };
		A6D3D8341A35DD2300F7AED9 /* Images.xcassets */ = {isa = PBXFileReference; lastKnownFileType = folder.assetcatalog; path = Images.xcassets; sourceTree = "<group>"; };
		A6D3D8371A35DD2300F7AED9 /* Base */ = {isa = PBXFileReference; lastKnownFileType = file.xib; name = Base; path = Base.lproj/LaunchScreen.xib; sourceTree = "<group>"; };
		A6D3D83D1A35DD2300F7AED9 /* JMHArcProjectForConvertingTests.xctest */ = {isa = PBXFileReference; explicitFileType = wrapper.cfbundle; includeInIndex = 0; path = JMHArcProjectForConvertingTests.xctest; sourceTree = BUILT_PRODUCTS_DIR; };
		A6D3D8421A35DD2300F7AED9 /* Info.plist */ = {isa = PBXFileReference; lastKnownFileType = text.plist.xml; path = Info.plist; sourceTree = "<group>"; };
		A6D3D8431A35DD2300F7AED9 /* JMHArcProjectForConvertingTests.m */ = {isa = PBXFileReference; lastKnownFileType = sourcecode.c.objc; path = JMHArcProjectForConvertingTests.m; sourceTree = "<group>"; };
/* End PBXFileReference section */

/* Begin PBXFrameworksBuildPhase section */
		A6D3D8211A35DD2300F7AED9 /* Frameworks */ = {
			isa = PBXFrameworksBuildPhase;
			buildActionMask = 2147483647;
			files = (
			);
			runOnlyForDeploymentPostprocessing = 0;
		};
		A6D3D83A1A35DD2300F7AED9 /* Frameworks */ = {
			isa = PBXFrameworksBuildPhase;
			buildActionMask = 2147483647;
			files = (
			);
			runOnlyForDeploymentPostprocessing = 0;
		};
/* End PBXFrameworksBuildPhase section */

/* Begin PBXGroup section */
		A6D3D81B1A35DD2300F7AED9 = {
			isa = PBXGroup;
			children = (
				A6D3D8261A35DD2300F7AED9 /* JMHArcProjectForConverting */,
				A6D3D8401A35DD2300F7AED9 /* JMHArcProjectForConvertingTests */,
				A6D3D8251A35DD2300F7AED9 /* Products */,
			);
			sourceTree = "<group>";
		};
		A6D3D8251A35DD2300F7AED9 /* Products */ = {
			isa = PBXGroup;
			children = (
				A6D3D8241A35DD2300F7AED9 /* JMHArcProjectForConverting.app */,
				A6D3D83D1A35DD2300F7AED9 /* JMHArcProjectForConvertingTests.xctest */,
			);
			name = Products;
			sourceTree = "<group>";
		};
		A6D3D8261A35DD2300F7AED9 /* JMHArcProjectForConverting */ = {
			isa = PBXGroup;
			children = (
				A6D3D82B1A35DD2300F7AED9 /* AppDelegate.h */,
				A6D3D82C1A35DD2300F7AED9 /* AppDelegate.m */,
				A6D3D82E1A35DD2300F7AED9 /* JMHViewController.h */,
				A6D3D82F1A35DD2300F7AED9 /* JMHViewController.m */,
				A6D3D8311A35DD2300F7AED9 /* Main.storyboard */,
				A6D3D8341A35DD2300F7AED9 /* Images.xcassets */,
				A6D3D8361A35DD2300F7AED9 /* LaunchScreen.xib */,
				A6D3D8271A35DD2300F7AED9 /* Supporting Files */,
			);
			path = JMHArcProjectForConverting;
			sourceTree = "<group>";
		};
		A6D3D8271A35DD2300F7AED9 /* Supporting Files */ = {
			isa = PBXGroup;
			children = (
				A6D3D8281A35DD2300F7AED9 /* Info.plist */,
				A6D3D8291A35DD2300F7AED9 /* main.m */,
			);
			name = "Supporting Files";
			sourceTree = "<group>";
		};
		A6D3D8401A35DD2300F7AED9 /* JMHArcProjectForConvertingTests */ = {
			isa = PBXGroup;
			children = (
				A6D3D8431A35DD2300F7AED9 /* JMHArcProjectForConvertingTests.m */,
				A6D3D8411A35DD2300F7AED9 /* Supporting Files */,
			);
			path = JMHArcProjectForConvertingTests;
			sourceTree = "<group>";
		};
		A6D3D8411A35DD2300F7AED9 /* Supporting Files */ = {
			isa = PBXGroup;
			children = (
				A6D3D8421A35DD2300F7AED9 /* Info.plist */,
			);
			name = "Supporting Files";
			sourceTree = "<group>";
		};
/* End PBXGroup section */

/* Begin PBXNativeTarget section */
		A6D3D8231A35DD2300F7AED9 /* JMHArcProjectForConverting */ = {
			isa = PBXNativeTarget;
			buildConfigurationList = A6D3D8471A35DD2300F7AED9 /* Build configuration list for PBXNativeTarget "JMHArcProjectForConverting" */;
			buildPhases = (
				A6D3D8201A35DD2300F7AED9 /* Sources */,
				A6D3D8211A35DD2300F7AED9 /* Frameworks */,
				A6D3D8221A35DD2300F7AED9 /* Resources */,
			);
			buildRules = (
			);
			dependencies = (
			);
			name = JMHArcProjectForConverting;
			productName = JMHArcProjectForConverting;
			productReference = A6D3D8241A35DD2300F7AED9 /* JMHArcProjectForConverting.app */;
			productType = "com.apple.product-type.application";
		};
		A6D3D83C1A35DD2300F7AED9 /* JMHArcProjectForConvertingTests */ = {
			isa = PBXNativeTarget;
			buildConfigurationList = A6D3D84A1A35DD2300F7AED9 /* Build configuration list for PBXNativeTarget "JMHArcProjectForConvertingTests" */;
			buildPhases = (
				A6D3D8391A35DD2300F7AED9 /* Sources */,
				A6D3D83A1A35DD2300F7AED9 /* Frameworks */,
				A6D3D83B1A35DD2300F7AED9 /* Resources */,
			);
			buildRules = (
			);
			dependencies = (
				A6D3D83F1A35DD2300F7AED9 /* PBXTargetDependency */,
			);
			name = JMHArcProjectForConvertingTests;
			productName = JMHArcProjectForConvertingTests;
			productReference = A6D3D83D1A35DD2300F7AED9 /* JMHArcProjectForConvertingTests.xctest */;
			productType = "com.apple.product-type.bundle.unit-test";
		};
/* End PBXNativeTarget section */

/* Begin PBXProject section */
		A6D3D81C1A35DD2300F7AED9 /* Project object */ = {
			isa = PBXProject;
			attributes = {
				LastUpgradeCheck = 0610;
				ORGANIZATIONNAME = juanmao;
				TargetAttributes = {
					A6D3D8231A35DD2300F7AED9 = {
						CreatedOnToolsVersion = 6.1.1;
					};
					A6D3D83C1A35DD2300F7AED9 = {
						CreatedOnToolsVersion = 6.1.1;
						TestTargetID = A6D3D8231A35DD2300F7AED9;
					};
				};
			};
			buildConfigurationList = A6D3D81F1A35DD2300F7AED9 /* Build configuration list for PBXProject "JMHArcProjectForConverting" */;
			compatibilityVersion = "Xcode 3.2";
			developmentRegion = English;
			hasScannedForEncodings = 0;
			knownRegions = (
				en,
				Base,
			);
			mainGroup = A6D3D81B1A35DD2300F7AED9;
			productRefGroup = A6D3D8251A35DD2300F7AED9 /* Products */;
			projectDirPath = "";
			projectRoot = "";
			targets = (
				A6D3D8231A35DD2300F7AED9 /* JMHArcProjectForConverting */,
				A6D3D83C1A35DD2300F7AED9 /* JMHArcProjectForConvertingTests */,
			);
		};
/* End PBXProject section */

/* Begin PBXResourcesBuildPhase section */
		A6D3D8221A35DD2300F7AED9 /* Resources */ = {
			isa = PBXResourcesBuildPhase;
			buildActionMask = 2147483647;
			files = (
				A6D3D8331A35DD2300F7AED9 /* Main.storyboard in Resources */,
				A6D3D8381A35DD2300F7AED9 /* LaunchScreen.xib in Resources */,
				A6D3D8351A35DD2300F7AED9 /* Images.xcassets in Resources */,
			);
			runOnlyForDeploymentPostprocessing = 0;
		};
		A6D3D83B1A35DD2300F7AED9 /* Resources */ = {
			isa = PBXResourcesBuildPhase;
			buildActionMask = 2147483647;
			files = (
			);
			runOnlyForDeploymentPostprocessing = 0;
		};
/* End PBXResourcesBuildPhase section */

/* Begin PBXSourcesBuildPhase section */
		A6D3D8201A35DD2300F7AED9 /* Sources */ = {
			isa = PBXSourcesBuildPhase;
			buildActionMask = 2147483647;
			files = (
				A6D3D8301A35DD2300F7AED9 /* JMHViewController.m in Sources */,
				A6D3D82D1A35DD2300F7AED9 /* AppDelegate.m in Sources */,
				A6D3D82A1A35DD2300F7AED9 /* main.m in Sources */,
			);
			runOnlyForDeploymentPostprocessing = 0;
		};
		A6D3D8391A35DD2300F7AED9 /* Sources */ = {
			isa = PBXSourcesBuildPhase;
			buildActionMask = 2147483647;
			files = (
				A6D3D8441A35DD2300F7AED9 /* JMHArcProjectForConvertingTests.m in Sources */,
			);
			runOnlyForDeploymentPostprocessing = 0;
		};
/* End PBXSourcesBuildPhase section */

/* Begin PBXTargetDependency section */
		A6D3D83F1A35DD2300F7AED9 /* PBXTargetDependency */ = {
			isa = PBXTargetDependency;
			target = A6D3D8231A35DD2300F7AED9 /* JMHArcProjectForConverting */;
			targetProxy = A6D3D83E1A35DD2300F7AED9 /* PBXContainerItemProxy */;
		};
/* End PBXTargetDependency section */

/* Begin PBXVariantGroup section */
		A6D3D8311A35DD2300F7AED9 /* Main.storyboard */ = {
			isa = PBXVariantGroup;
			children = (
				A6D3D8321A35DD2300F7AED9 /* Base */,
			);
			name = Main.storyboard;
			sourceTree = "<group>";
		};
		A6D3D8361A35DD2300F7AED9 /* LaunchScreen.xib */ = {
			isa = PBXVariantGroup;
			children = (
				A6D3D8371A35DD2300F7AED9 /* Base */,
			);
			name = LaunchScreen.xib;
			sourceTree = "<group>";
		};
/* End PBXVariantGroup section */

/* Begin XCBuildConfiguration section */
		A6D3D8451A35DD2300F7AED9 /* Debug */ = {
			isa = XCBuildConfiguration;
			buildSettings = {
				ALWAYS_SEARCH_USER_PATHS = NO;
				CLANG_CXX_LANGUAGE_STANDARD = "gnu++0x";
				CLANG_CXX_LIBRARY = "libc++";
				CLANG_ENABLE_MODULES = YES;
				CLANG_ENABLE_OBJC_ARC = NO;
				CLANG_WARN_BOOL_CONVERSION = YES;
				CLANG_WARN_CONSTANT_CONVERSION = YES;
				CLANG_WARN_DIRECT_OBJC_ISA_USAGE = YES_ERROR;
				CLANG_WARN_EMPTY_BODY = YES;
				CLANG_WARN_ENUM_CONVERSION = YES;
				CLANG_WARN_INT_CONVERSION = YES;
				CLANG_WARN_OBJC_ROOT_CLASS = YES_ERROR;
				CLANG_WARN_UNREACHABLE_CODE = YES;
				CLANG_WARN__DUPLICATE_METHOD_MATCH = YES;
				"CODE_SIGN_IDENTITY[sdk=iphoneos*]" = "iPhone Developer";
				COPY_PHASE_STRIP = NO;
				ENABLE_STRICT_OBJC_MSGSEND = YES;
				GCC_C_LANGUAGE_STANDARD = gnu99;
				GCC_DYNAMIC_NO_PIC = NO;
				GCC_OPTIMIZATION_LEVEL = 0;
				GCC_PREPROCESSOR_DEFINITIONS = (
					"DEBUG=1",
					"$(inherited)",
				);
				GCC_SYMBOLS_PRIVATE_EXTERN = NO;
				GCC_WARN_64_TO_32_BIT_CONVERSION = YES;
				GCC_WARN_ABOUT_RETURN_TYPE = YES_ERROR;
				GCC_WARN_UNDECLARED_SELECTOR = YES;
				GCC_WARN_UNINITIALIZED_AUTOS = YES_AGGRESSIVE;
				GCC_WARN_UNUSED_FUNCTION = YES;
				GCC_WARN_UNUSED_VARIABLE = YES;
				IPHONEOS_DEPLOYMENT_TARGET = 8.1;
				MTL_ENABLE_DEBUG_INFO = YES;
				ONLY_ACTIVE_ARCH = YES;
				SDKROOT = iphoneos;
			};
			name = Debug;
		};
		A6D3D8461A35DD2300F7AED9 /* Release */ = {
			isa = XCBuildConfiguration;
			buildSettings = {
				ALWAYS_SEARCH_USER_PATHS = NO;
				CLANG_CXX_LANGUAGE_STANDARD = "gnu++0x";
				CLANG_CXX_LIBRARY = "libc++";
				CLANG_ENABLE_MODULES = YES;
				CLANG_ENABLE_OBJC_ARC = NO;
				CLANG_WARN_BOOL_CONVERSION = YES;
				CLANG_WARN_CONSTANT_CONVERSION = YES;
				CLANG_WARN_DIRECT_OBJC_ISA_USAGE = YES_ERROR;
				CLANG_WARN_EMPTY_BODY = YES;
				CLANG_WARN_ENUM_CONVERSION = YES;
				CLANG_WARN_INT_CONVERSION = YES;
				CLANG_WARN_OBJC_ROOT_CLASS = YES_ERROR;
				CLANG_WARN_UNREACHABLE_CODE = YES;
				CLANG_WARN__DUPLICATE_METHOD_MATCH = YES;
				"CODE_SIGN_IDENTITY[sdk=iphoneos*]" = "iPhone Developer";
				COPY_PHASE_STRIP = YES;
				ENABLE_NS_ASSERTIONS = NO;
				ENABLE_STRICT_OBJC_MSGSEND = YES;
				GCC_C_LANGUAGE_STANDARD = gnu99;
				GCC_WARN_64_TO_32_BIT_CONVERSION = YES;
				GCC_WARN_ABOUT_RETURN_TYPE = YES_ERROR;
				GCC_WARN_UNDECLARED_SELECTOR = YES;
				GCC_WARN_UNINITIALIZED_AUTOS = YES_AGGRESSIVE;
				GCC_WARN_UNUSED_FUNCTION = YES;
				GCC_WARN_UNUSED_VARIABLE = YES;
				IPHONEOS_DEPLOYMENT_TARGET = 8.1;
				MTL_ENABLE_DEBUG_INFO = NO;
				SDKROOT = iphoneos;
				VALIDATE_PRODUCT = YES;
			};
			name = Release;
		};
		A6D3D8481A35DD2300F7AED9 /* Debug */ = {
			isa = XCBuildConfiguration;
			buildSettings = {
				ASSETCATALOG_COMPILER_APPICON_NAME = AppIcon;
				INFOPLIST_FILE = JMHArcProjectForConverting/Info.plist;
				LD_RUNPATH_SEARCH_PATHS = "$(inherited) @executable_path/Frameworks";
				PRODUCT_NAME = "$(TARGET_NAME)";
			};
			name = Debug;
		};
		A6D3D8491A35DD2300F7AED9 /* Release */ = {
			isa = XCBuildConfiguration;
			buildSettings = {
				ASSETCATALOG_COMPILER_APPICON_NAME = AppIcon;
				INFOPLIST_FILE = JMHArcProjectForConverting/Info.plist;
				LD_RUNPATH_SEARCH_PATHS = "$(inherited) @executable_path/Frameworks";
				PRODUCT_NAME = "$(TARGET_NAME)";
			};
			name = Release;
		};
		A6D3D84B1A35DD2300F7AED9 /* Debug */ = {
			isa = XCBuildConfiguration;
			buildSettings = {
				BUNDLE_LOADER = "$(TEST_HOST)";
				FRAMEWORK_SEARCH_PATHS = (
					"$(SDKROOT)/Developer/Library/Frameworks",
					"$(inherited)",
				);
				GCC_PREPROCESSOR_DEFINITIONS = (
					"DEBUG=1",
					"$(inherited)",
				);
				INFOPLIST_FILE = JMHArcProjectForConvertingTests/Info.plist;
				LD_RUNPATH_SEARCH_PATHS = "$(inherited) @executable_path/Frameworks @loader_path/Frameworks";
				PRODUCT_NAME = "$(TARGET_NAME)";
				TEST_HOST = "$(BUILT_PRODUCTS_DIR)/JMHArcProjectForConverting.app/JMHArcProjectForConverting";
			};
			name = Debug;
		};
		A6D3D84C1A35DD2300F7AED9 /* Release */ = {
			isa = XCBuildConfiguration;
			buildSettings = {
				BUNDLE_LOADER = "$(TEST_HOST)";
				FRAMEWORK_SEARCH_PATHS = (
					"$(SDKROOT)/Developer/Library/Frameworks",
					"$(inherited)",
				);
				INFOPLIST_FILE = JMHArcProjectForConvertingTests/Info.plist;
				LD_RUNPATH_SEARCH_PATHS = "$(inherited) @executable_path/Frameworks @loader_path/Frameworks";
				PRODUCT_NAME = "$(TARGET_NAME)";
				TEST_HOST = "$(BUILT_PRODUCTS_DIR)/JMHArcProjectForConverting.app/JMHArcProjectForConverting";
			};
			name = Release;
		};
/* End XCBuildConfiguration section */

/* Begin XCConfigurationList section */
		A6D3D81F1A35DD2300F7AED9 /* Build configuration list for PBXProject "JMHArcProjectForConverting" */ = {
			isa = XCConfigurationList;
			buildConfigurations = (
				A6D3D8451A35DD2300F7AED9 /* Debug */,
				A6D3D8461A35DD2300F7AED9 /* Release */,
			);
			defaultConfigurationIsVisible = 0;
			defaultConfigurationName = Release;
		};
		A6D3D8471A35DD2300F7AED9 /* Build configuration list for PBXNativeTarget "JMHArcProjectForConverting" */ = {
			isa = XCConfigurationList;
			buildConfigurations = (
				A6D3D8481A35DD2300F7AED9 /* Debug */,
				A6D3D8491A35DD2300F7AED9 /* Release */,
			);
			defaultConfigurationIsVisible = 0;
		};
		A6D3D84A1A35DD2300F7AED9 /* Build configuration list for PBXNativeTarget "JMHArcProjectForConvertingTests" */ = {
			isa = XCConfigurationList;
			buildConfigurations = (
				A6D3D84B1A35DD2300F7AED9 /* Debug */,
				A6D3D84C1A35DD2300F7AED9 /* Release */,
			);
			defaultConfigurationIsVisible = 0;
		};
/* End XCConfigurationList section */
	};
	rootObject = A6D3D81C1A35DD2300F7AED9 /* Project object */;
}
